
Microsoft Visual Studio Solution File, Format Version 12.00
# Visual Studio Version 17
VisualStudioVersion = 17.1.32407.343
MinimumVisualStudioVersion = 10.0.40219.1
Project("{FAE04EC0-301F-11D3-BF4B-00C04F79EFBC}") = "Sudoku", "Sudoku\Sudoku.csproj", "{803E22F4-044D-4AEF-A2C4-6B96603FC695}"
EndProject
Global
	GlobalSection(SolutionConfigurationPlatforms) = preSolution
		Debug|Any CPU = Debug|Any CPU
		Release|Any CPU = Release|Any CPU
	EndGlobalSection
	GlobalSection(ProjectConfigurationPlatforms) = postSolution
		{803E22F4-044D-4AEF-A2C4-6B96603FC695}.Debug|Any CPU.ActiveCfg = Debug|Any CPU
		{803E22F4-044D-4AEF-A2C4-6B96603FC695}.Debug|Any CPU.Build.0 = Debug|Any CPU
		{803E22F4-044D-4AEF-A2C4-6B96603FC695}.Release|Any CPU.ActiveCfg = Release|Any CPU
		{803E22F4-044D-4AEF-A2C4-6B96603FC695}.Release|Any CPU.Build.0 = Release|Any CPU
	EndGlobalSection
	GlobalSection(SolutionProperties) = preSolution
		HideSolutionNode = FALSE
	EndGlobalSection
	GlobalSection(ExtensibilityGlobals) = postSolution
		SolutionGuid = {434DA3C5-BFAD-4A9D-9778-8082906490CD}
	EndGlobalSection
EndGlobal
